
Microsoft Visual Studio Solution File, Format Version 12.00
# Visual Studio Version 16
VisualStudioVersion = 16.0.28803.156
MinimumVisualStudioVersion = 10.0.40219.1
Project("{FAE04EC0-301F-11D3-BF4B-00C04F79EFBC}") = "DanielAPI", "DanielAPI\DanielAPI.csproj", "{35B47455-C5FE-40A7-89E7-16E0C0C83F29}"
EndProject
Global
	GlobalSection(SolutionConfigurationPlatforms) = preSolution
		Debug|Any CPU = Debug|Any CPU
		Release|Any CPU = Release|Any CPU
	EndGlobalSection
	GlobalSection(ProjectConfigurationPlatforms) = postSolution
		{35B47455-C5FE-40A7-89E7-16E0C0C83F29}.Debug|Any CPU.ActiveCfg = Debug|Any CPU
		{35B47455-C5FE-40A7-89E7-16E0C0C83F29}.Debug|Any CPU.Build.0 = Debug|Any CPU
		{35B47455-C5FE-40A7-89E7-16E0C0C83F29}.Release|Any CPU.ActiveCfg = Release|Any CPU
		{35B47455-C5FE-40A7-89E7-16E0C0C83F29}.Release|Any CPU.Build.0 = Release|Any CPU
	EndGlobalSection
	GlobalSection(SolutionProperties) = preSolution
		HideSolutionNode = FALSE
	EndGlobalSection
	GlobalSection(ExtensibilityGlobals) = postSolution
		SolutionGuid = {5BAE082A-0B51-479F-AF21-ABA1BE71616C}
	EndGlobalSection
EndGlobal
